
Microsoft Visual Studio Solution File, Format Version 12.00
# Visual Studio 2013
VisualStudioVersion = 12.0.21005.1
MinimumVisualStudioVersion = 10.0.40219.1
Project("{FAE04EC0-301F-11D3-BF4B-00C04F79EFBC}") = "QCloud.Mobile", "QCloud.Mobile\QCloud.Mobile.csproj", "{492D4A38-1596-4380-9836-93E18E7A2D1B}"
EndProject
Global
	GlobalSection(SolutionConfigurationPlatforms) = preSolution
		Debug|Any CPU = Debug|Any CPU
		Release|Any CPU = Release|Any CPU
	EndGlobalSection
	GlobalSection(ProjectConfigurationPlatforms) = postSolution
		{492D4A38-1596-4380-9836-93E18E7A2D1B}.Debug|Any CPU.ActiveCfg = Debug|Any CPU
		{492D4A38-1596-4380-9836-93E18E7A2D1B}.Debug|Any CPU.Build.0 = Debug|Any CPU
		{492D4A38-1596-4380-9836-93E18E7A2D1B}.Release|Any CPU.ActiveCfg = Release|Any CPU
		{492D4A38-1596-4380-9836-93E18E7A2D1B}.Release|Any CPU.Build.0 = Release|Any CPU
	EndGlobalSection
	GlobalSection(SolutionProperties) = preSolution
		HideSolutionNode = FALSE
	EndGlobalSection
EndGlobal
